
Microsoft Visual Studio Solution File, Format Version 12.00
# Visual Studio 15
VisualStudioVersion = 15.0.27130.2027
MinimumVisualStudioVersion = 10.0.40219.1
Project("{FAE04EC0-301F-11D3-BF4B-00C04F79EFBC}") = "QuestioningApp", "QuestioningApp\QuestioningApp.csproj", "{258B9CAB-3E4D-48B5-A896-0CE214F970AD}"
EndProject
Project("{FAE04EC0-301F-11D3-BF4B-00C04F79EFBC}") = "SpaceCounter", "SpaceCounter\SpaceCounter.csproj", "{7C5C9128-8408-44ED-9E99-05A476F58E16}"
EndProject
Global
	GlobalSection(SolutionConfigurationPlatforms) = preSolution
		Debug|Any CPU = Debug|Any CPU
		Release|Any CPU = Release|Any CPU
	EndGlobalSection
	GlobalSection(ProjectConfigurationPlatforms) = postSolution
		{258B9CAB-3E4D-48B5-A896-0CE214F970AD}.Debug|Any CPU.ActiveCfg = Debug|Any CPU
		{258B9CAB-3E4D-48B5-A896-0CE214F970AD}.Debug|Any CPU.Build.0 = Debug|Any CPU
		{258B9CAB-3E4D-48B5-A896-0CE214F970AD}.Release|Any CPU.ActiveCfg = Release|Any CPU
		{258B9CAB-3E4D-48B5-A896-0CE214F970AD}.Release|Any CPU.Build.0 = Release|Any CPU
		{7C5C9128-8408-44ED-9E99-05A476F58E16}.Debug|Any CPU.ActiveCfg = Debug|Any CPU
		{7C5C9128-8408-44ED-9E99-05A476F58E16}.Debug|Any CPU.Build.0 = Debug|Any CPU
		{7C5C9128-8408-44ED-9E99-05A476F58E16}.Release|Any CPU.ActiveCfg = Release|Any CPU
		{7C5C9128-8408-44ED-9E99-05A476F58E16}.Release|Any CPU.Build.0 = Release|Any CPU
	EndGlobalSection
	GlobalSection(SolutionProperties) = preSolution
		HideSolutionNode = FALSE
	EndGlobalSection
	GlobalSection(ExtensibilityGlobals) = postSolution
		SolutionGuid = {730CA4E8-8238-42A7-A32F-C9888080DC05}
	EndGlobalSection
EndGlobal
